{
  "version": 4,
  "terraform_version": "0.12.17",
  "serial": 5,
  "lineage": "e220888b-c92d-2302-c2ad-be8bc4e0308d",
  "outputs": {},
  "resources": [
    {
      "mode": "managed",
      "type": "aws_ebs_volume",
      "name": "udit_ebs",
      "provider": "provider.aws",
      "instances": []
    },
    {
      "mode": "managed",
      "type": "aws_instance",
      "name": "udit_instance",
      "provider": "provider.aws",
      "instances": []
    },
    {
      "mode": "managed",
      "type": "aws_key_pair",
      "name": "udit_key",
      "provider": "provider.aws",
      "instances": [
        {
          "schema_version": 1,
          "attributes": {
            "fingerprint": "8f:31:f0:64:23:ef:ef:85:1d:49:9f:6a:00:34:d1:4f",
            "id": "udit33",
            "key_name": "udit33",
            "key_name_prefix": null,
            "key_pair_id": "key-0a45830fcd4903ea1",
            "public_key": "ssh-rsa AAAAB3NzaC1yc2EAAAADAQABAAABAQDCUk5bwxhV13y+pTC/AiCYtnUEUdhO1EC/sCPZoKwxa8zKMPiZsxjAjlBBiGosvuJLh8MouOJsXsJSGAOtT2b70hFhUtlUy3LeOzFln1nEASc10/cZPE3Mh3W2Al40Dmd2CDnB7cVcUWB0mD+Z0u6h9Xm0YxK6N0unf6YP1CLH8GQBzKkzJcc/SfOeTvR2TzBBXAB7/jW0NAdHwqIWna5KWei5j0RzPGGOySfbC+CjFVk7gsxkjHwtH7ueSyKFbrw9iXmj3ozOqjlN5VgpVYv2+p01FDUR8IrARfpvUBFZYS2MFnH2NQqY9my3+o9f24/W2uqc5lHYW1uGqrEte7UD",
            "tags": null
          },
          "private": "eyJzY2hlbWFfdmVyc2lvbiI6IjEifQ==",
          "dependencies": [
            "tls_private_key.udit_key_pair"
          ]
        }
      ]
    },
    {
      "mode": "managed",
      "type": "aws_s3_bucket",
      "name": "udit_s3",
      "provider": "provider.aws",
      "instances": [
        {
          "schema_version": 0,
          "attributes": {
            "acceleration_status": "",
            "acl": "public-read",
            "arn": "arn:aws:s3:::udit123442336436",
            "bucket": "udit123442336436",
            "bucket_domain_name": "udit123442336436.s3.amazonaws.com",
            "bucket_prefix": null,
            "bucket_regional_domain_name": "udit123442336436.s3.ap-south-1.amazonaws.com",
            "cors_rule": [],
            "force_destroy": false,
            "grant": [],
            "hosted_zone_id": "Z11RGJOFQNVJUP",
            "id": "udit123442336436",
            "lifecycle_rule": [],
            "logging": [],
            "object_lock_configuration": [],
            "policy": null,
            "region": "ap-south-1",
            "replication_configuration": [],
            "request_payer": "BucketOwner",
            "server_side_encryption_configuration": [],
            "tags": {
              "Name": "My_bucket"
            },
            "versioning": [
              {
                "enabled": false,
                "mfa_delete": false
              }
            ],
            "website": [],
            "website_domain": null,
            "website_endpoint": null
          },
          "private": "bnVsbA=="
        }
      ]
    },
    {
      "mode": "managed",
      "type": "aws_s3_bucket_object",
      "name": "udit_s3_content",
      "provider": "provider.aws",
      "instances": [
        {
          "schema_version": 0,
          "attributes": {
            "acl": "public-read",
            "bucket": "udit123442336436",
            "cache_control": "",
            "content": null,
            "content_base64": null,
            "content_disposition": "",
            "content_encoding": "",
            "content_language": "",
            "content_type": "image/jpg",
            "etag": "c5c2426349cec896a3cf3dca65e7907f",
            "force_destroy": false,
            "id": "hacker.jpg",
            "key": "hacker.jpg",
            "kms_key_id": null,
            "metadata": null,
            "object_lock_legal_hold_status": "",
            "object_lock_mode": "",
            "object_lock_retain_until_date": "",
            "server_side_encryption": "",
            "source": "hacker.jpg",
            "storage_class": "STANDARD",
            "tags": {
              "Name": "My_bucket_upload"
            },
            "version_id": "",
            "website_redirect": ""
          },
          "private": "bnVsbA==",
          "dependencies": [
            "aws_s3_bucket.udit_s3"
          ]
        }
      ]
    },
    {
      "mode": "managed",
      "type": "aws_volume_attachment",
      "name": "udit_attach",
      "provider": "provider.aws",
      "instances": []
    },
    {
      "mode": "managed",
      "type": "null_resource",
      "name": "udit_remote_config",
      "provider": "provider.null",
      "instances": []
    },
    {
      "mode": "managed",
      "type": "tls_private_key",
      "name": "udit_key_pair",
      "provider": "provider.tls",
      "instances": [
        {
          "schema_version": 0,
          "attributes": {
            "algorithm": "RSA",
            "ecdsa_curve": "P224",
            "id": "aa0fbe7252dd7e1faddf62ec22e4362f6cc28e51",
            "private_key_pem": "-----BEGIN RSA PRIVATE KEY-----\nMIIEpAIBAAKCAQEAwlJOW8MYVdd8vqUwvwIgmLZ1BFHYTtRAv7Aj2aCsMWvMyjD4\nmbMYwI5QQYhqLL7iS4fDKLjibF7CUhgDrU9m+9IRYVLZVMty3jsxZZ9ZxAEnNdP3\nGTxNzId1tgJeNA5ndgg5we3FXFFgdJg/mdLuofV5tGMSujdLp3+mD9Qix/BkAcyp\nMyXHP0nznk70dk8wQVwAe/41tDQHR8KiFp2uSlnouY9Eczxhjskn2wvgoxVZO4LM\nZIx8LR+7nksihW68PYl5o96Mzqo5TeVYKVWL9vqdNRQ1EfCKwEX6b1ARWWEtjBZx\n9jUKmPZst/qPX9uP1trqnOZR2FtbhqqxLXu1AwIDAQABAoIBAQDCLqFjDTg6P9XG\nZSirFyMft+SDZo4zZ+M0Kn4IsYig8kp5Giqy3Me1VAFbG0iOYkmclJQvE2IgTSj+\nBEVYYOpWZns7uCC5nXyyGpCoLm7zcPuPzLs2Go7b/dlhAkjE2EgHKP0ej84TDLbI\njIOx4ZjZe4Yc/ovuTedqACMf2irPg+bFpr64DymyxPabFFHjzdKjjoTmNPniWAAs\ni77W351Az6m9ljpu+RkVJKLhS0JrRs3ewFkm9HqtR9KrkgaBqJf7LQBjDho/jmIv\nlWeL0lKBOHV50CTY2owZbIu8Wt7NGKmOL/2e6SSa8HI+npRsFUENJUzuJZX5fAmv\n+PkFFFRxAoGBAMePwaMDZOnfs3i/bC838tHiST2KbPnYQpgfAG+s7itY5Y2AxQkU\n974R9WT+RxunfBKFw70CqNJfpX8l6BoWrGdEb2kJO51m6p6rg9wu9dmYd8WymP7A\nLh9LcLhngLFtK3A2LTHo8Ctano07vmo7bwwhNUvBLELfEA84fNOckA9XAoGBAPlH\nK820zOPGzl2JkoPafLW9ZI0vLm4Doq59l4Vb+Jfyza64izgGd1SKZnsz9kwrWqJO\nplEIYfLc2H91B7vzVQ2yhmaCBAWMEX+bjqr3l1QKBLIlfuJRqwJL90T7cIu6HUZJ\nq4EmEJBUFLo8ed0w1RFcs0k85QCRoqjUy2ThLrg1AoGBALrmfWEx9ZpAY7ML/MOA\nb894UkXr1kJs83nLVzpASNOaL2vGlUL7O0ftQ9nxeCGDS+WBGCB2VCyrXbFmjCma\n4J7a7kj+V7IESGqQki9uX90KOeqTaUz2KnwuyIQ8k8AYUZ2Hb+6VjhHcjjASKzUN\nMuS2WVb4tX5vsXe/3NDHifiDAoGACQ14ncPPHQZ/QA5a78bjeIYkPKxV91DSe5u8\nAO/SG1KJ/apeA+7YLo3IIvlEHIgGhpZsm8y+Id+7TQWm/kBb+l9dWiOmmbz4dbXk\nfHj5WefzO7T44qcsmqy/khW/hJOBtKfAPrRvLY6gIhNIKaw4UKUZLbO0bUzcp1zy\n9frng3ECgYByhHrbsoj9n9vQWBBfVk1X9Kzx4INA/SWzrLccJuOF+IewvbnzULhE\n2zMC31vqPJE1JanBtOuuQsJBIfldnYQf5oI0nxOo6jAYZ5hPIv3xgRSevilft5xU\n+6GVJ7cSWyrQKjmmbVsHErpwk905dxNBeYU9mAMjvlGWGlsJy/ESvg==\n-----END RSA PRIVATE KEY-----\n",
            "public_key_fingerprint_md5": "09:4e:06:84:6b:9f:0b:cb:b8:c5:fb:ff:f2:a1:c5:fe",
            "public_key_openssh": "ssh-rsa AAAAB3NzaC1yc2EAAAADAQABAAABAQDCUk5bwxhV13y+pTC/AiCYtnUEUdhO1EC/sCPZoKwxa8zKMPiZsxjAjlBBiGosvuJLh8MouOJsXsJSGAOtT2b70hFhUtlUy3LeOzFln1nEASc10/cZPE3Mh3W2Al40Dmd2CDnB7cVcUWB0mD+Z0u6h9Xm0YxK6N0unf6YP1CLH8GQBzKkzJcc/SfOeTvR2TzBBXAB7/jW0NAdHwqIWna5KWei5j0RzPGGOySfbC+CjFVk7gsxkjHwtH7ueSyKFbrw9iXmj3ozOqjlN5VgpVYv2+p01FDUR8IrARfpvUBFZYS2MFnH2NQqY9my3+o9f24/W2uqc5lHYW1uGqrEte7UD\n",
            "public_key_pem": "-----BEGIN PUBLIC KEY-----\nMIIBIjANBgkqhkiG9w0BAQEFAAOCAQ8AMIIBCgKCAQEAwlJOW8MYVdd8vqUwvwIg\nmLZ1BFHYTtRAv7Aj2aCsMWvMyjD4mbMYwI5QQYhqLL7iS4fDKLjibF7CUhgDrU9m\n+9IRYVLZVMty3jsxZZ9ZxAEnNdP3GTxNzId1tgJeNA5ndgg5we3FXFFgdJg/mdLu\nofV5tGMSujdLp3+mD9Qix/BkAcypMyXHP0nznk70dk8wQVwAe/41tDQHR8KiFp2u\nSlnouY9Eczxhjskn2wvgoxVZO4LMZIx8LR+7nksihW68PYl5o96Mzqo5TeVYKVWL\n9vqdNRQ1EfCKwEX6b1ARWWEtjBZx9jUKmPZst/qPX9uP1trqnOZR2FtbhqqxLXu1\nAwIDAQAB\n-----END PUBLIC KEY-----\n",
            "rsa_bits": 2048
          },
          "private": "bnVsbA=="
        }
      ]
    }
  ]
}
