{
  "version": 4,
  "terraform_version": "0.12.17",
  "serial": 84,
  "lineage": "5ae54148-caa8-b547-349e-e91cb9df2573",
  "outputs": {},
  "resources": [
    {
      "mode": "managed",
      "type": "aws_cloudfront_distribution",
      "name": "udit_cloudfront",
      "provider": "provider.aws",
      "instances": [
        {
          "schema_version": 1,
          "attributes": {
            "active_trusted_signers": {
              "enabled": "false",
              "items.#": "0"
            },
            "aliases": null,
            "arn": "arn:aws:cloudfront::637173854390:distribution/E3NTPWT6V7GNHW",
            "cache_behavior": [],
            "caller_reference": "terraform-20200726132501479600000001",
            "comment": "Udit S3 Web Distribution",
            "custom_error_response": [],
            "default_cache_behavior": [
              {
                "allowed_methods": [
                  "DELETE",
                  "GET",
                  "HEAD",
                  "OPTIONS",
                  "PATCH",
                  "POST",
                  "PUT"
                ],
                "cached_methods": [
                  "GET",
                  "HEAD"
                ],
                "compress": false,
                "default_ttl": 3600,
                "field_level_encryption_id": "",
                "forwarded_values": [
                  {
                    "cookies": [
                      {
                        "forward": "none",
                        "whitelisted_names": null
                      }
                    ],
                    "headers": null,
                    "query_string": false,
                    "query_string_cache_keys": null
                  }
                ],
                "lambda_function_association": [],
                "max_ttl": 86400,
                "min_ttl": 0,
                "smooth_streaming": false,
                "target_origin_id": "udit123442336436710abc",
                "trusted_signers": null,
                "viewer_protocol_policy": "allow-all"
              }
            ],
            "default_root_object": "",
            "domain_name": "dz877aljsfv60.cloudfront.net",
            "enabled": true,
            "etag": "E281PPQY4KKVAQ",
            "hosted_zone_id": "Z2FDTNDATAQYW2",
            "http_version": "http2",
            "id": "E3NTPWT6V7GNHW",
            "in_progress_validation_batches": 0,
            "is_ipv6_enabled": true,
            "last_modified_time": "2020-07-26 13:25:03.579 +0000 UTC",
            "logging_config": [],
            "ordered_cache_behavior": [],
            "origin": [
              {
                "custom_header": [],
                "custom_origin_config": [
                  {
                    "http_port": 80,
                    "https_port": 443,
                    "origin_keepalive_timeout": 5,
                    "origin_protocol_policy": "match-viewer",
                    "origin_read_timeout": 30,
                    "origin_ssl_protocols": [
                      "TLSv1",
                      "TLSv1.1",
                      "TLSv1.2"
                    ]
                  }
                ],
                "domain_name": "udit123442336436710abc.s3.ap-south-1.amazonaws.com",
                "origin_id": "udit123442336436710abc",
                "origin_path": "",
                "s3_origin_config": []
              }
            ],
            "origin_group": [],
            "price_class": "PriceClass_All",
            "restrictions": [
              {
                "geo_restriction": [
                  {
                    "locations": null,
                    "restriction_type": "none"
                  }
                ]
              }
            ],
            "retain_on_delete": false,
            "status": "Deployed",
            "tags": {
              "Name": "Udit-Web-Distribution"
            },
            "viewer_certificate": [
              {
                "acm_certificate_arn": "",
                "cloudfront_default_certificate": true,
                "iam_certificate_id": "",
                "minimum_protocol_version": "TLSv1",
                "ssl_support_method": ""
              }
            ],
            "wait_for_deployment": true,
            "web_acl_id": ""
          },
          "private": "eyJzY2hlbWFfdmVyc2lvbiI6IjEifQ==",
          "dependencies": [
            "aws_s3_bucket.udit_s3"
          ]
        }
      ]
    },
    {
      "mode": "managed",
      "type": "aws_efs_file_system",
      "name": "udit_efs",
      "provider": "provider.aws",
      "instances": [
        {
          "schema_version": 0,
          "attributes": {
            "arn": "arn:aws:elasticfilesystem:ap-south-1:637173854390:file-system/fs-93b72142",
            "creation_token": "my-efs",
            "dns_name": "fs-93b72142.efs.ap-south-1.amazonaws.com",
            "encrypted": false,
            "id": "fs-93b72142",
            "kms_key_id": "",
            "lifecycle_policy": [],
            "performance_mode": "generalPurpose",
            "provisioned_throughput_in_mibps": 0,
            "reference_name": null,
            "tags": {
              "Name": "udit_efs"
            },
            "throughput_mode": "bursting"
          },
          "private": "bnVsbA=="
        }
      ]
    },
    {
      "mode": "managed",
      "type": "aws_instance",
      "name": "udit_ec2",
      "provider": "provider.aws",
      "instances": [
        {
          "schema_version": 1,
          "attributes": {
            "ami": "ami-08706cb5f68222d09",
            "arn": "arn:aws:ec2:ap-south-1:637173854390:instance/i-0fb06832ede158034",
            "associate_public_ip_address": true,
            "availability_zone": "ap-south-1a",
            "cpu_core_count": 1,
            "cpu_threads_per_core": 1,
            "credit_specification": [
              {
                "cpu_credits": "standard"
              }
            ],
            "disable_api_termination": false,
            "ebs_block_device": [],
            "ebs_optimized": false,
            "ephemeral_block_device": [],
            "get_password_data": false,
            "hibernation": false,
            "host_id": null,
            "iam_instance_profile": "",
            "id": "i-0fb06832ede158034",
            "instance_initiated_shutdown_behavior": null,
            "instance_state": "running",
            "instance_type": "t2.micro",
            "ipv6_address_count": 0,
            "ipv6_addresses": [],
            "key_name": "udit33",
            "metadata_options": [
              {
                "http_endpoint": "enabled",
                "http_put_response_hop_limit": 1,
                "http_tokens": "optional"
              }
            ],
            "monitoring": false,
            "network_interface": [],
            "network_interface_id": null,
            "outpost_arn": "",
            "password_data": "",
            "placement_group": "",
            "primary_network_interface_id": "eni-0b84c4db655a9984b",
            "private_dns": "ip-172-31-34-124.ap-south-1.compute.internal",
            "private_ip": "172.31.34.124",
            "public_dns": "ec2-15-207-51-95.ap-south-1.compute.amazonaws.com",
            "public_ip": "15.207.51.95",
            "root_block_device": [
              {
                "delete_on_termination": true,
                "device_name": "/dev/xvda",
                "encrypted": false,
                "iops": 100,
                "kms_key_id": "",
                "volume_id": "vol-0a5c8b60fdc7b7317",
                "volume_size": 8,
                "volume_type": "gp2"
              }
            ],
            "security_groups": [
              "udit_security"
            ],
            "source_dest_check": true,
            "subnet_id": "subnet-5a98a232",
            "tags": {
              "Name": "udit_ec2"
            },
            "tenancy": "default",
            "timeouts": null,
            "user_data": null,
            "user_data_base64": null,
            "volume_tags": {},
            "vpc_security_group_ids": [
              "sg-0a51de3c15f49ead6"
            ]
          },
          "private": "eyJlMmJmYjczMC1lY2FhLTExZTYtOGY4OC0zNDM2M2JjN2M0YzAiOnsiY3JlYXRlIjo2MDAwMDAwMDAwMDAsImRlbGV0ZSI6MTIwMDAwMDAwMDAwMCwidXBkYXRlIjo2MDAwMDAwMDAwMDB9LCJzY2hlbWFfdmVyc2lvbiI6IjEifQ==",
          "dependencies": [
            "aws_key_pair.udit_key",
            "aws_security_group.udit_security",
            "tls_private_key.udit_key_pair"
          ]
        }
      ]
    },
    {
      "mode": "managed",
      "type": "aws_key_pair",
      "name": "udit_key",
      "provider": "provider.aws",
      "instances": [
        {
          "schema_version": 1,
          "attributes": {
            "arn": "arn:aws:ec2:ap-south-1:637173854390:key-pair/udit33",
            "fingerprint": "56:78:b1:b8:42:58:07:79:ef:a7:06:50:bc:52:47:f7",
            "id": "udit33",
            "key_name": "udit33",
            "key_name_prefix": null,
            "key_pair_id": "key-0f3278bfc0a0524c8",
            "public_key": "ssh-rsa AAAAB3NzaC1yc2EAAAADAQABAAABAQDA0c8pAwJhSAX6qvs41QALzBU9c75U67RqpaYMb3WVppu4KkTGBLeEJZ+sh2xVbIsdLF6eStCzTy2Jni0W2FXvOs9kHwtD155BU5k4rcNSvz3joqOkf0VDA0/ILXx/2zv7EthTdCcHVCxRKt8CzGr/X6/mMsIVGnX6yUJYoDPeDKOXljTbhZfxu6ZdLB6vKDFvrOxE9wxH/oIcL+Vrf1rttVdy+jUgar67p4G4st93M4PhT1zYrjCnFWsiRphdVaeUk2oQLgGLMfqdx8gr6E8OVBbMChH1rsxT7C4DTf5GctavV5MQWurZgW2Do0w80Q7ti5k417PdYXT49pjV9aph",
            "tags": null
          },
          "private": "eyJzY2hlbWFfdmVyc2lvbiI6IjEifQ==",
          "dependencies": [
            "tls_private_key.udit_key_pair"
          ]
        }
      ]
    },
    {
      "mode": "managed",
      "type": "aws_s3_bucket",
      "name": "udit_s3",
      "provider": "provider.aws",
      "instances": [
        {
          "schema_version": 0,
          "attributes": {
            "acceleration_status": "",
            "acl": "public-read",
            "arn": "arn:aws:s3:::udit123442336436710abc",
            "bucket": "udit123442336436710abc",
            "bucket_domain_name": "udit123442336436710abc.s3.amazonaws.com",
            "bucket_prefix": null,
            "bucket_regional_domain_name": "udit123442336436710abc.s3.ap-south-1.amazonaws.com",
            "cors_rule": [],
            "force_destroy": false,
            "grant": [],
            "hosted_zone_id": "Z11RGJOFQNVJUP",
            "id": "udit123442336436710abc",
            "lifecycle_rule": [],
            "logging": [],
            "object_lock_configuration": [],
            "policy": null,
            "region": "ap-south-1",
            "replication_configuration": [],
            "request_payer": "BucketOwner",
            "server_side_encryption_configuration": [],
            "tags": {
              "Name": "udit_s3"
            },
            "versioning": [
              {
                "enabled": false,
                "mfa_delete": false
              }
            ],
            "website": [],
            "website_domain": null,
            "website_endpoint": null
          },
          "private": "bnVsbA=="
        }
      ]
    },
    {
      "mode": "managed",
      "type": "aws_s3_bucket_object",
      "name": "udit_s3_content",
      "provider": "provider.aws",
      "instances": [
        {
          "schema_version": 0,
          "attributes": {
            "acl": "public-read",
            "bucket": "udit123442336436710abc",
            "cache_control": "",
            "content": null,
            "content_base64": null,
            "content_disposition": "",
            "content_encoding": "",
            "content_language": "",
            "content_type": "image/jpg",
            "etag": "7a3ec3df5a873b26840407650696b117",
            "force_destroy": false,
            "id": "hacker.jpg",
            "key": "hacker.jpg",
            "kms_key_id": null,
            "metadata": null,
            "object_lock_legal_hold_status": "",
            "object_lock_mode": "",
            "object_lock_retain_until_date": "",
            "server_side_encryption": "",
            "source": "hacker.jpg",
            "storage_class": "STANDARD",
            "tags": {
              "Name": "udit_s3_content"
            },
            "version_id": "",
            "website_redirect": ""
          },
          "private": "bnVsbA==",
          "dependencies": [
            "aws_s3_bucket.udit_s3"
          ]
        }
      ]
    },
    {
      "mode": "managed",
      "type": "aws_security_group",
      "name": "udit_security",
      "provider": "provider.aws",
      "instances": [
        {
          "schema_version": 1,
          "attributes": {
            "arn": "arn:aws:ec2:ap-south-1:637173854390:security-group/sg-0a51de3c15f49ead6",
            "description": "Allow TLS inbound traffic",
            "egress": [
              {
                "cidr_blocks": [
                  "0.0.0.0/0"
                ],
                "description": "",
                "from_port": 0,
                "ipv6_cidr_blocks": [],
                "prefix_list_ids": [],
                "protocol": "-1",
                "security_groups": [],
                "self": false,
                "to_port": 0
              }
            ],
            "id": "sg-0a51de3c15f49ead6",
            "ingress": [
              {
                "cidr_blocks": [
                  "0.0.0.0/0"
                ],
                "description": "TLS from VPC",
                "from_port": 443,
                "ipv6_cidr_blocks": [],
                "prefix_list_ids": [],
                "protocol": "tcp",
                "security_groups": [],
                "self": false,
                "to_port": 443
              },
              {
                "cidr_blocks": [
                  "0.0.0.0/0"
                ],
                "description": "allow http",
                "from_port": 80,
                "ipv6_cidr_blocks": [],
                "prefix_list_ids": [],
                "protocol": "tcp",
                "security_groups": [],
                "self": false,
                "to_port": 80
              },
              {
                "cidr_blocks": [
                  "0.0.0.0/0"
                ],
                "description": "allow ssh",
                "from_port": 22,
                "ipv6_cidr_blocks": [],
                "prefix_list_ids": [],
                "protocol": "tcp",
                "security_groups": [],
                "self": false,
                "to_port": 22
              }
            ],
            "name": "udit_security",
            "name_prefix": null,
            "owner_id": "637173854390",
            "revoke_rules_on_delete": false,
            "tags": {
              "Name": "udit_security"
            },
            "timeouts": null,
            "vpc_id": "vpc-1c514d74"
          },
          "private": "eyJlMmJmYjczMC1lY2FhLTExZTYtOGY4OC0zNDM2M2JjN2M0YzAiOnsiY3JlYXRlIjo2MDAwMDAwMDAwMDAsImRlbGV0ZSI6NjAwMDAwMDAwMDAwfSwic2NoZW1hX3ZlcnNpb24iOiIxIn0="
        }
      ]
    },
    {
      "mode": "managed",
      "type": "null_resource",
      "name": "mount_efs",
      "provider": "provider.null",
      "instances": [
        {
          "schema_version": 0,
          "attributes": {
            "id": "4168825709042311507",
            "triggers": null
          },
          "private": "bnVsbA==",
          "dependencies": [
            "aws_cloudfront_distribution.udit_cloudfront",
            "aws_efs_file_system.udit_efs",
            "aws_instance.udit_ec2",
            "aws_key_pair.udit_key",
            "aws_s3_bucket.udit_s3",
            "aws_security_group.udit_security",
            "tls_private_key.udit_key_pair"
          ]
        }
      ]
    },
    {
      "mode": "managed",
      "type": "tls_private_key",
      "name": "udit_key_pair",
      "provider": "provider.tls",
      "instances": [
        {
          "schema_version": 0,
          "attributes": {
            "algorithm": "RSA",
            "ecdsa_curve": "P224",
            "id": "e18e308700e8cb7ad4a394720e3dfc227403b13c",
            "private_key_pem": "-----BEGIN RSA PRIVATE KEY-----\nMIIEogIBAAKCAQEAwNHPKQMCYUgF+qr7ONUAC8wVPXO+VOu0aqWmDG91laabuCpE\nxgS3hCWfrIdsVWyLHSxenkrQs08tiZ4tFthV7zrPZB8LQ9eeQVOZOK3DUr8946Kj\npH9FQwNPyC18f9s7+xLYU3QnB1QsUSrfAsxq/1+v5jLCFRp1+slCWKAz3gyjl5Y0\n24WX8bumXSwerygxb6zsRPcMR/6CHC/la39a7bVXcvo1IGq+u6eBuLLfdzOD4U9c\n2K4wpxVrIkaYXVWnlJNqEC4BizH6ncfIK+hPDlQWzAoR9a7MU+wuA03+RnLWr1eT\nEFrq2YFtg6NMPNEO7YuZONez3WF0+PaY1fWqYQIDAQABAoIBAA3Gb3BUoLTmelbg\nJDZ5MRmmqNXNEQnsFOWRk/1LcTERyAouKt+isqGkNnYS7rBjosSgyNmyKprEy1IL\nlNkO94SxxOM4PIvKOaodGNMtxsiAlSFQGzTDSuVwtSBt73kK5owXWpELuUYSw1/B\nGlGO3Q4FfgGKGsd7LnaOLkk6mLoCOWCUuWNsu10bRvyO4FqBWOd8FavvubVKQD7T\nNeD00Tt2HhCu/5AyFxQsT6Tjo6pIhGiSwNaf1XZz6K8g2SauPbAludHQJ83tdmkr\nCAP5IbLfQeCrjeqEQX+yJ0CqJ7AWRDUkjjDINp4e6J94pfrR+eTmb60VKq1pnK65\n8Mzk7qkCgYEA1YmSV+7hZVgw9rtG02McyOP3RbrxZ+PA7SFO07gs5VWZxqMLZx2t\ndJ+zzeAv5+L15xbIxyPtb75FDHcPiwQsb2o3DQ3QU5De5ofyZUszvqI/l3dtLG8j\nOB4hAcI9LW1uHU4lbIGZ/iCUnnd3T4UaqEGRauF8UI8p3TXdmw8J2Y8CgYEA5ymR\nJrsY1hgjxycY+ByZ0iMctYUGUVXq01zkF7S0plnrlbB9Y97/0SXvxpbUFAP90hjC\npyCmSO5s52pIpJyqkPDDRKX2XCz+90pavA52W+58/++ZlXlNyuPn4aEcm1wjN9OK\nG8SIv8Ja/3iVG3m17LFtTOCpJwTu+dXDZGpr5Q8CgYA1wHCPI/mm2iFRKmk0suE/\nDGtlKR61aRZaWqUOFHFwtTCFWOt45HaSQdUwALvuYipGJm0Z+8g79ahJ7/qAoudQ\nkGsVJSIItxH088mnh9uZpBvf09cudTdnW+YxHCTsN3ydcdtnyePqnWbr0OS+pqHE\nMuUZA3OYj8EZBwMmkg2HrwKBgFb852hhw8jdMKmC5vyHFsNi/yy3sFbvM/zx2cup\n7ski0Wp1DdqFUlMMKZzbqVcW4W8sbiOiP7D2N/kln8yCQBVm5LRyl7C8Jf489sQJ\n1TRnHJbbPTpoeYO+G8ZmcHNuSrp5WmF0pdkzdDbq04GRXYqCghUJ/d13F87gSDUD\nbzK1AoGAUGYGUdWsz1sFXlgNbaD3nFCiL+jjff7ggzAMYLwqCcKmuTfKptk2UWTH\npVIHxWR9Vm+NKHSXnxfPFwJGnkyRtR/uLVd6yKJKwWnQ5LvvSDJNuveAEvqxdOHw\nxZqUyNKTvJmo7tLglK42+yj4PIeyeC3fv2bvv/KPxIyG/V0ZSEQ=\n-----END RSA PRIVATE KEY-----\n",
            "public_key_fingerprint_md5": "7b:33:fe:6c:b6:5a:c2:dd:dc:05:b9:66:dd:76:6e:36",
            "public_key_openssh": "ssh-rsa AAAAB3NzaC1yc2EAAAADAQABAAABAQDA0c8pAwJhSAX6qvs41QALzBU9c75U67RqpaYMb3WVppu4KkTGBLeEJZ+sh2xVbIsdLF6eStCzTy2Jni0W2FXvOs9kHwtD155BU5k4rcNSvz3joqOkf0VDA0/ILXx/2zv7EthTdCcHVCxRKt8CzGr/X6/mMsIVGnX6yUJYoDPeDKOXljTbhZfxu6ZdLB6vKDFvrOxE9wxH/oIcL+Vrf1rttVdy+jUgar67p4G4st93M4PhT1zYrjCnFWsiRphdVaeUk2oQLgGLMfqdx8gr6E8OVBbMChH1rsxT7C4DTf5GctavV5MQWurZgW2Do0w80Q7ti5k417PdYXT49pjV9aph\n",
            "public_key_pem": "-----BEGIN PUBLIC KEY-----\nMIIBIjANBgkqhkiG9w0BAQEFAAOCAQ8AMIIBCgKCAQEAwNHPKQMCYUgF+qr7ONUA\nC8wVPXO+VOu0aqWmDG91laabuCpExgS3hCWfrIdsVWyLHSxenkrQs08tiZ4tFthV\n7zrPZB8LQ9eeQVOZOK3DUr8946KjpH9FQwNPyC18f9s7+xLYU3QnB1QsUSrfAsxq\n/1+v5jLCFRp1+slCWKAz3gyjl5Y024WX8bumXSwerygxb6zsRPcMR/6CHC/la39a\n7bVXcvo1IGq+u6eBuLLfdzOD4U9c2K4wpxVrIkaYXVWnlJNqEC4BizH6ncfIK+hP\nDlQWzAoR9a7MU+wuA03+RnLWr1eTEFrq2YFtg6NMPNEO7YuZONez3WF0+PaY1fWq\nYQIDAQAB\n-----END PUBLIC KEY-----\n",
            "rsa_bits": 2048
          },
          "private": "bnVsbA=="
        }
      ]
    }
  ]
}
