{
  "version": 4,
  "terraform_version": "0.12.17",
  "serial": 245,
  "lineage": "de289eed-df41-af3d-8fd4-ab00c54c993e",
  "outputs": {},
  "resources": [
    {
      "mode": "managed",
      "type": "aws_eip",
      "name": "udit_elasticip",
      "provider": "provider.aws",
      "instances": [
        {
          "schema_version": 0,
          "attributes": {
            "allocation_id": null,
            "associate_with_private_ip": null,
            "association_id": "",
            "customer_owned_ip": "",
            "customer_owned_ipv4_pool": "",
            "domain": "vpc",
            "id": "eipalloc-04896808bd05d3515",
            "instance": "",
            "network_interface": "",
            "private_dns": null,
            "private_ip": "",
            "public_dns": "ec2-3-7-247-41.ap-south-1.compute.amazonaws.com",
            "public_ip": "3.7.247.41",
            "public_ipv4_pool": "amazon",
            "tags": null,
            "timeouts": null,
            "vpc": true
          },
          "private": "eyJlMmJmYjczMC1lY2FhLTExZTYtOGY4OC0zNDM2M2JjN2M0YzAiOnsiZGVsZXRlIjoxODAwMDAwMDAwMDAsInJlYWQiOjkwMDAwMDAwMDAwMCwidXBkYXRlIjozMDAwMDAwMDAwMDB9fQ=="
        }
      ]
    },
    {
      "mode": "managed",
      "type": "aws_instance",
      "name": "bastion_instance",
      "provider": "provider.aws",
      "instances": [
        {
          "schema_version": 1,
          "attributes": {
            "ami": "ami-07a8c73a650069cf3",
            "arn": "arn:aws:ec2:ap-south-1:130436746957:instance/i-03baa745eff632119",
            "associate_public_ip_address": true,
            "availability_zone": "ap-south-1a",
            "cpu_core_count": 1,
            "cpu_threads_per_core": 1,
            "credit_specification": [
              {
                "cpu_credits": "standard"
              }
            ],
            "disable_api_termination": false,
            "ebs_block_device": [],
            "ebs_optimized": false,
            "ephemeral_block_device": [],
            "get_password_data": false,
            "hibernation": false,
            "host_id": null,
            "iam_instance_profile": "",
            "id": "i-03baa745eff632119",
            "instance_initiated_shutdown_behavior": null,
            "instance_state": "running",
            "instance_type": "t2.micro",
            "ipv6_address_count": 0,
            "ipv6_addresses": [],
            "key_name": "udit33",
            "metadata_options": [
              {
                "http_endpoint": "enabled",
                "http_put_response_hop_limit": 1,
                "http_tokens": "optional"
              }
            ],
            "monitoring": false,
            "network_interface": [],
            "network_interface_id": null,
            "outpost_arn": "",
            "password_data": "",
            "placement_group": "",
            "primary_network_interface_id": "eni-065162d5030326c98",
            "private_dns": "ip-192-168-0-139.ap-south-1.compute.internal",
            "private_ip": "192.168.0.139",
            "public_dns": "",
            "public_ip": "35.154.184.23",
            "root_block_device": [
              {
                "delete_on_termination": true,
                "device_name": "/dev/sda1",
                "encrypted": false,
                "iops": 100,
                "kms_key_id": "",
                "volume_id": "vol-00a525432ecfb348d",
                "volume_size": 8,
                "volume_type": "gp2"
              }
            ],
            "security_groups": [],
            "source_dest_check": true,
            "subnet_id": "subnet-06437419a70985b7b",
            "tags": {
              "Name": "Bastion Host Instance"
            },
            "tenancy": "default",
            "timeouts": null,
            "user_data": null,
            "user_data_base64": null,
            "volume_tags": {},
            "vpc_security_group_ids": [
              "sg-078b513bf145970d7"
            ]
          },
          "private": "eyJlMmJmYjczMC1lY2FhLTExZTYtOGY4OC0zNDM2M2JjN2M0YzAiOnsiY3JlYXRlIjo2MDAwMDAwMDAwMDAsImRlbGV0ZSI6MTIwMDAwMDAwMDAwMCwidXBkYXRlIjo2MDAwMDAwMDAwMDB9LCJzY2hlbWFfdmVyc2lvbiI6IjEifQ==",
          "dependencies": [
            "aws_security_group.bastion_host_sg",
            "aws_subnet.udit_public_subnet",
            "aws_vpc.udit_vpc"
          ]
        }
      ]
    },
    {
      "mode": "managed",
      "type": "aws_instance",
      "name": "mysql_instance",
      "provider": "provider.aws",
      "instances": [
        {
          "schema_version": 1,
          "attributes": {
            "ami": "ami-0025b3a1ef8df0c3b",
            "arn": "arn:aws:ec2:ap-south-1:130436746957:instance/i-004c5988fc4196285",
            "associate_public_ip_address": false,
            "availability_zone": "ap-south-1b",
            "cpu_core_count": 1,
            "cpu_threads_per_core": 1,
            "credit_specification": [
              {
                "cpu_credits": "standard"
              }
            ],
            "disable_api_termination": false,
            "ebs_block_device": [],
            "ebs_optimized": false,
            "ephemeral_block_device": [],
            "get_password_data": false,
            "hibernation": false,
            "host_id": null,
            "iam_instance_profile": "",
            "id": "i-004c5988fc4196285",
            "instance_initiated_shutdown_behavior": null,
            "instance_state": "running",
            "instance_type": "t2.micro",
            "ipv6_address_count": 0,
            "ipv6_addresses": [],
            "key_name": "udit33",
            "metadata_options": [
              {
                "http_endpoint": "enabled",
                "http_put_response_hop_limit": 1,
                "http_tokens": "optional"
              }
            ],
            "monitoring": false,
            "network_interface": [],
            "network_interface_id": null,
            "outpost_arn": "",
            "password_data": "",
            "placement_group": "",
            "primary_network_interface_id": "eni-04ee2237690892b34",
            "private_dns": "ip-192-168-100-66.ap-south-1.compute.internal",
            "private_ip": "192.168.100.66",
            "public_dns": "",
            "public_ip": "",
            "root_block_device": [
              {
                "delete_on_termination": true,
                "device_name": "/dev/sda1",
                "encrypted": false,
                "iops": 100,
                "kms_key_id": "",
                "volume_id": "vol-0b25759efa55225d6",
                "volume_size": 8,
                "volume_type": "gp2"
              }
            ],
            "security_groups": [],
            "source_dest_check": true,
            "subnet_id": "subnet-0d6ae32fb77c5b9b9",
            "tags": {
              "Name": "Mysql Instance"
            },
            "tenancy": "default",
            "timeouts": null,
            "user_data": null,
            "user_data_base64": null,
            "volume_tags": {},
            "vpc_security_group_ids": [
              "sg-0195a0c84ae5714b3",
              "sg-0a5c4d2b6bfc4eba9"
            ]
          },
          "private": "eyJlMmJmYjczMC1lY2FhLTExZTYtOGY4OC0zNDM2M2JjN2M0YzAiOnsiY3JlYXRlIjo2MDAwMDAwMDAwMDAsImRlbGV0ZSI6MTIwMDAwMDAwMDAwMCwidXBkYXRlIjo2MDAwMDAwMDAwMDB9LCJzY2hlbWFfdmVyc2lvbiI6IjEifQ==",
          "dependencies": [
            "aws_security_group.bastion_host_sg",
            "aws_security_group.mysql_sg1",
            "aws_security_group.mysql_sg2",
            "aws_security_group.wordpress_sg",
            "aws_subnet.udit_private_subnet",
            "aws_vpc.udit_vpc"
          ]
        }
      ]
    },
    {
      "mode": "managed",
      "type": "aws_instance",
      "name": "wordpress_instance",
      "provider": "provider.aws",
      "instances": [
        {
          "schema_version": 1,
          "attributes": {
            "ami": "ami-01b9cb595fc660622",
            "arn": "arn:aws:ec2:ap-south-1:130436746957:instance/i-00b903577f05622d7",
            "associate_public_ip_address": true,
            "availability_zone": "ap-south-1a",
            "cpu_core_count": 1,
            "cpu_threads_per_core": 1,
            "credit_specification": [
              {
                "cpu_credits": "standard"
              }
            ],
            "disable_api_termination": false,
            "ebs_block_device": [],
            "ebs_optimized": false,
            "ephemeral_block_device": [],
            "get_password_data": false,
            "hibernation": false,
            "host_id": null,
            "iam_instance_profile": "",
            "id": "i-00b903577f05622d7",
            "instance_initiated_shutdown_behavior": null,
            "instance_state": "running",
            "instance_type": "t2.micro",
            "ipv6_address_count": 0,
            "ipv6_addresses": [],
            "key_name": "udit33",
            "metadata_options": [
              {
                "http_endpoint": "enabled",
                "http_put_response_hop_limit": 1,
                "http_tokens": "optional"
              }
            ],
            "monitoring": false,
            "network_interface": [],
            "network_interface_id": null,
            "outpost_arn": "",
            "password_data": "",
            "placement_group": "",
            "primary_network_interface_id": "eni-0d167a2411dae9c51",
            "private_dns": "ip-192-168-0-24.ap-south-1.compute.internal",
            "private_ip": "192.168.0.24",
            "public_dns": "",
            "public_ip": "35.154.242.241",
            "root_block_device": [
              {
                "delete_on_termination": true,
                "device_name": "/dev/sda1",
                "encrypted": false,
                "iops": 100,
                "kms_key_id": "",
                "volume_id": "vol-037153f1c53c21203",
                "volume_size": 8,
                "volume_type": "gp2"
              }
            ],
            "security_groups": [],
            "source_dest_check": true,
            "subnet_id": "subnet-06437419a70985b7b",
            "tags": {
              "Name": "Wordpress Instance"
            },
            "tenancy": "default",
            "timeouts": null,
            "user_data": null,
            "user_data_base64": null,
            "volume_tags": {},
            "vpc_security_group_ids": [
              "sg-00f14e20dcfc10693"
            ]
          },
          "private": "eyJlMmJmYjczMC1lY2FhLTExZTYtOGY4OC0zNDM2M2JjN2M0YzAiOnsiY3JlYXRlIjo2MDAwMDAwMDAwMDAsImRlbGV0ZSI6MTIwMDAwMDAwMDAwMCwidXBkYXRlIjo2MDAwMDAwMDAwMDB9LCJzY2hlbWFfdmVyc2lvbiI6IjEifQ==",
          "dependencies": [
            "aws_security_group.wordpress_sg",
            "aws_subnet.udit_public_subnet",
            "aws_vpc.udit_vpc"
          ]
        }
      ]
    },
    {
      "mode": "managed",
      "type": "aws_internet_gateway",
      "name": "internet_gateway",
      "provider": "provider.aws",
      "instances": [
        {
          "schema_version": 0,
          "attributes": {
            "arn": "arn:aws:ec2:ap-south-1:130436746957:internet-gateway/igw-0791caa03b99ab288",
            "id": "igw-0791caa03b99ab288",
            "owner_id": "130436746957",
            "tags": {
              "Name": "internet_gateway"
            },
            "vpc_id": "vpc-0ec0e525f44b6a62d"
          },
          "private": "bnVsbA==",
          "dependencies": [
            "aws_vpc.udit_vpc"
          ]
        }
      ]
    },
    {
      "mode": "managed",
      "type": "aws_key_pair",
      "name": "udit_key",
      "provider": "provider.aws",
      "instances": [
        {
          "schema_version": 1,
          "attributes": {
            "arn": "arn:aws:ec2:ap-south-1:130436746957:key-pair/udit33",
            "fingerprint": "69:87:f5:a4:c7:f0:fc:14:7c:3b:3c:06:40:11:1a:20",
            "id": "udit33",
            "key_name": "udit33",
            "key_name_prefix": null,
            "key_pair_id": "key-01e0ed60d636c7b28",
            "public_key": "ssh-rsa AAAAB3NzaC1yc2EAAAADAQABAAABAQCcl7zBPlm+vgnDxU0ZtgLmh+LUFK4vw0KmGzgcdUqQmZgAPB0R4yAjCLI4MpbDKlO644Ld+NRBFmb9XJBrwosB9sDj31ETXQBq8j4FnsQ3RHTq0xvI5LLhJjo5ILgQBpbrWNRE+FMAg5XJhWMxUJicQafiD2E4QSIKULUajeRPd7uNIoaMq1rljGzJqI7m9iU0+fmt1RnBT13hbaChmyFyTEcGPWKCd2nskRGVpzoKuNCiEBsrgwj2al7AVpefd8ibUJJPN/ne0Yi6W749A0HA7Y/2cLo1UcwukOYrfY9kEoSKDS2pKKCTuKhrUzQnc3ygyKgDTTGCjwYaNXeUZLiH",
            "tags": null
          },
          "private": "eyJzY2hlbWFfdmVyc2lvbiI6IjEifQ==",
          "dependencies": [
            "tls_private_key.udit_key_pair"
          ]
        }
      ]
    },
    {
      "mode": "managed",
      "type": "aws_nat_gateway",
      "name": "nat_gateway",
      "provider": "provider.aws",
      "instances": [
        {
          "schema_version": 0,
          "attributes": {
            "allocation_id": "eipalloc-04896808bd05d3515",
            "id": "nat-0c9e96e6ce6a7d687",
            "network_interface_id": "eni-028be79c50dd200b2",
            "private_ip": "192.168.0.211",
            "public_ip": "3.7.247.41",
            "subnet_id": "subnet-06437419a70985b7b",
            "tags": {
              "Name": "nat_gateway"
            }
          },
          "private": "bnVsbA==",
          "dependencies": [
            "aws_eip.udit_elasticip",
            "aws_subnet.udit_public_subnet",
            "aws_vpc.udit_vpc"
          ]
        }
      ]
    },
    {
      "mode": "managed",
      "type": "aws_route_table",
      "name": "udit_route1",
      "provider": "provider.aws",
      "instances": [
        {
          "schema_version": 0,
          "attributes": {
            "id": "rtb-0e17324f891c0bd20",
            "owner_id": "130436746957",
            "propagating_vgws": [],
            "route": [
              {
                "cidr_block": "0.0.0.0/0",
                "egress_only_gateway_id": "",
                "gateway_id": "igw-0791caa03b99ab288",
                "instance_id": "",
                "ipv6_cidr_block": "",
                "nat_gateway_id": "",
                "network_interface_id": "",
                "transit_gateway_id": "",
                "vpc_peering_connection_id": ""
              }
            ],
            "tags": {
              "Name": "udit_route1"
            },
            "vpc_id": "vpc-0ec0e525f44b6a62d"
          },
          "private": "bnVsbA==",
          "dependencies": [
            "aws_internet_gateway.internet_gateway",
            "aws_vpc.udit_vpc"
          ]
        }
      ]
    },
    {
      "mode": "managed",
      "type": "aws_route_table",
      "name": "udit_route2",
      "provider": "provider.aws",
      "instances": [
        {
          "schema_version": 0,
          "attributes": {
            "id": "rtb-0aade794ba10d16ad",
            "owner_id": "130436746957",
            "propagating_vgws": [],
            "route": [
              {
                "cidr_block": "0.0.0.0/0",
                "egress_only_gateway_id": "",
                "gateway_id": "nat-0c9e96e6ce6a7d687",
                "instance_id": "",
                "ipv6_cidr_block": "",
                "nat_gateway_id": "",
                "network_interface_id": "",
                "transit_gateway_id": "",
                "vpc_peering_connection_id": ""
              }
            ],
            "tags": {
              "Name": "udit-route2"
            },
            "vpc_id": "vpc-0ec0e525f44b6a62d"
          },
          "private": "bnVsbA==",
          "dependencies": [
            "aws_eip.udit_elasticip",
            "aws_nat_gateway.nat_gateway",
            "aws_subnet.udit_public_subnet",
            "aws_vpc.udit_vpc"
          ]
        }
      ]
    },
    {
      "mode": "managed",
      "type": "aws_route_table_association",
      "name": "route_association1",
      "provider": "provider.aws",
      "instances": [
        {
          "schema_version": 0,
          "attributes": {
            "gateway_id": null,
            "id": "rtbassoc-0997b94892e365799",
            "route_table_id": "rtb-0e17324f891c0bd20",
            "subnet_id": "subnet-06437419a70985b7b"
          },
          "private": "bnVsbA==",
          "dependencies": [
            "aws_internet_gateway.internet_gateway",
            "aws_route_table.udit_route1",
            "aws_subnet.udit_public_subnet",
            "aws_vpc.udit_vpc"
          ]
        }
      ]
    },
    {
      "mode": "managed",
      "type": "aws_route_table_association",
      "name": "route_association2",
      "provider": "provider.aws",
      "instances": [
        {
          "schema_version": 0,
          "attributes": {
            "gateway_id": null,
            "id": "rtbassoc-0ccd970ab9b6e1484",
            "route_table_id": "rtb-0aade794ba10d16ad",
            "subnet_id": "subnet-0d6ae32fb77c5b9b9"
          },
          "private": "bnVsbA==",
          "dependencies": [
            "aws_eip.udit_elasticip",
            "aws_nat_gateway.nat_gateway",
            "aws_route_table.udit_route2",
            "aws_subnet.udit_private_subnet",
            "aws_subnet.udit_public_subnet",
            "aws_vpc.udit_vpc"
          ]
        }
      ]
    },
    {
      "mode": "managed",
      "type": "aws_security_group",
      "name": "bastion_host_sg",
      "provider": "provider.aws",
      "instances": [
        {
          "schema_version": 1,
          "attributes": {
            "arn": "arn:aws:ec2:ap-south-1:130436746957:security-group/sg-078b513bf145970d7",
            "description": "Allow ssh",
            "egress": [
              {
                "cidr_blocks": [
                  "0.0.0.0/0"
                ],
                "description": "",
                "from_port": 0,
                "ipv6_cidr_blocks": [],
                "prefix_list_ids": [],
                "protocol": "-1",
                "security_groups": [],
                "self": false,
                "to_port": 0
              }
            ],
            "id": "sg-078b513bf145970d7",
            "ingress": [
              {
                "cidr_blocks": [
                  "0.0.0.0/0"
                ],
                "description": "Allow SSH",
                "from_port": 22,
                "ipv6_cidr_blocks": [],
                "prefix_list_ids": [],
                "protocol": "tcp",
                "security_groups": [],
                "self": false,
                "to_port": 22
              }
            ],
            "name": "bastion_host_sg",
            "name_prefix": null,
            "owner_id": "130436746957",
            "revoke_rules_on_delete": false,
            "tags": {
              "Name": "bastion_host_sg"
            },
            "timeouts": null,
            "vpc_id": "vpc-0ec0e525f44b6a62d"
          },
          "private": "eyJlMmJmYjczMC1lY2FhLTExZTYtOGY4OC0zNDM2M2JjN2M0YzAiOnsiY3JlYXRlIjo2MDAwMDAwMDAwMDAsImRlbGV0ZSI6NjAwMDAwMDAwMDAwfSwic2NoZW1hX3ZlcnNpb24iOiIxIn0=",
          "dependencies": [
            "aws_vpc.udit_vpc"
          ]
        }
      ]
    },
    {
      "mode": "managed",
      "type": "aws_security_group",
      "name": "mysql_sg1",
      "provider": "provider.aws",
      "instances": [
        {
          "schema_version": 1,
          "attributes": {
            "arn": "arn:aws:ec2:ap-south-1:130436746957:security-group/sg-0a5c4d2b6bfc4eba9",
            "description": "Allow wordpress",
            "egress": [
              {
                "cidr_blocks": [
                  "0.0.0.0/0"
                ],
                "description": "",
                "from_port": 0,
                "ipv6_cidr_blocks": [],
                "prefix_list_ids": [],
                "protocol": "-1",
                "security_groups": [],
                "self": false,
                "to_port": 0
              }
            ],
            "id": "sg-0a5c4d2b6bfc4eba9",
            "ingress": [
              {
                "cidr_blocks": [
                  "0.0.0.0/0"
                ],
                "description": "Allow Wordpress",
                "from_port": 3306,
                "ipv6_cidr_blocks": [],
                "prefix_list_ids": [],
                "protocol": "tcp",
                "security_groups": [
                  "sg-00f14e20dcfc10693"
                ],
                "self": false,
                "to_port": 3306
              }
            ],
            "name": "mysql_sg1",
            "name_prefix": null,
            "owner_id": "130436746957",
            "revoke_rules_on_delete": false,
            "tags": {
              "Name": "mysql_sg1"
            },
            "timeouts": null,
            "vpc_id": "vpc-0ec0e525f44b6a62d"
          },
          "private": "eyJlMmJmYjczMC1lY2FhLTExZTYtOGY4OC0zNDM2M2JjN2M0YzAiOnsiY3JlYXRlIjo2MDAwMDAwMDAwMDAsImRlbGV0ZSI6NjAwMDAwMDAwMDAwfSwic2NoZW1hX3ZlcnNpb24iOiIxIn0=",
          "dependencies": [
            "aws_security_group.wordpress_sg",
            "aws_vpc.udit_vpc"
          ]
        }
      ]
    },
    {
      "mode": "managed",
      "type": "aws_security_group",
      "name": "mysql_sg2",
      "provider": "provider.aws",
      "instances": [
        {
          "schema_version": 1,
          "attributes": {
            "arn": "arn:aws:ec2:ap-south-1:130436746957:security-group/sg-0195a0c84ae5714b3",
            "description": "Allow Bastion Host",
            "egress": [
              {
                "cidr_blocks": [
                  "0.0.0.0/0"
                ],
                "description": "",
                "from_port": 0,
                "ipv6_cidr_blocks": [],
                "prefix_list_ids": [],
                "protocol": "-1",
                "security_groups": [],
                "self": false,
                "to_port": 0
              }
            ],
            "id": "sg-0195a0c84ae5714b3",
            "ingress": [
              {
                "cidr_blocks": [],
                "description": "allow bastion host",
                "from_port": 22,
                "ipv6_cidr_blocks": [],
                "prefix_list_ids": [],
                "protocol": "tcp",
                "security_groups": [
                  "sg-078b513bf145970d7"
                ],
                "self": false,
                "to_port": 22
              }
            ],
            "name": "mysql_sg2",
            "name_prefix": null,
            "owner_id": "130436746957",
            "revoke_rules_on_delete": false,
            "tags": {
              "Name": "mysql_sg2"
            },
            "timeouts": null,
            "vpc_id": "vpc-0ec0e525f44b6a62d"
          },
          "private": "eyJlMmJmYjczMC1lY2FhLTExZTYtOGY4OC0zNDM2M2JjN2M0YzAiOnsiY3JlYXRlIjo2MDAwMDAwMDAwMDAsImRlbGV0ZSI6NjAwMDAwMDAwMDAwfSwic2NoZW1hX3ZlcnNpb24iOiIxIn0=",
          "dependencies": [
            "aws_security_group.bastion_host_sg",
            "aws_vpc.udit_vpc"
          ]
        }
      ]
    },
    {
      "mode": "managed",
      "type": "aws_security_group",
      "name": "wordpress_sg",
      "provider": "provider.aws",
      "instances": [
        {
          "schema_version": 1,
          "attributes": {
            "arn": "arn:aws:ec2:ap-south-1:130436746957:security-group/sg-00f14e20dcfc10693",
            "description": "Allow ssh, http and icmp",
            "egress": [
              {
                "cidr_blocks": [
                  "0.0.0.0/0"
                ],
                "description": "",
                "from_port": 0,
                "ipv6_cidr_blocks": [],
                "prefix_list_ids": [],
                "protocol": "-1",
                "security_groups": [],
                "self": false,
                "to_port": 0
              }
            ],
            "id": "sg-00f14e20dcfc10693",
            "ingress": [
              {
                "cidr_blocks": [
                  "0.0.0.0/0"
                ],
                "description": "Allow HTTP",
                "from_port": 80,
                "ipv6_cidr_blocks": [],
                "prefix_list_ids": [],
                "protocol": "tcp",
                "security_groups": [],
                "self": false,
                "to_port": 80
              },
              {
                "cidr_blocks": [
                  "0.0.0.0/0"
                ],
                "description": "Allow Icmp",
                "from_port": 1,
                "ipv6_cidr_blocks": [],
                "prefix_list_ids": [],
                "protocol": "tcp",
                "security_groups": [],
                "self": false,
                "to_port": 1
              },
              {
                "cidr_blocks": [
                  "0.0.0.0/0"
                ],
                "description": "Allow SSH",
                "from_port": 22,
                "ipv6_cidr_blocks": [],
                "prefix_list_ids": [],
                "protocol": "tcp",
                "security_groups": [],
                "self": false,
                "to_port": 22
              }
            ],
            "name": "wordpress_sg",
            "name_prefix": null,
            "owner_id": "130436746957",
            "revoke_rules_on_delete": false,
            "tags": {
              "Name": "wordpress_sg"
            },
            "timeouts": null,
            "vpc_id": "vpc-0ec0e525f44b6a62d"
          },
          "private": "eyJlMmJmYjczMC1lY2FhLTExZTYtOGY4OC0zNDM2M2JjN2M0YzAiOnsiY3JlYXRlIjo2MDAwMDAwMDAwMDAsImRlbGV0ZSI6NjAwMDAwMDAwMDAwfSwic2NoZW1hX3ZlcnNpb24iOiIxIn0=",
          "dependencies": [
            "aws_vpc.udit_vpc"
          ]
        }
      ]
    },
    {
      "mode": "managed",
      "type": "aws_subnet",
      "name": "udit_private_subnet",
      "provider": "provider.aws",
      "instances": [
        {
          "schema_version": 1,
          "attributes": {
            "arn": "arn:aws:ec2:ap-south-1:130436746957:subnet/subnet-0d6ae32fb77c5b9b9",
            "assign_ipv6_address_on_creation": false,
            "availability_zone": "ap-south-1b",
            "availability_zone_id": "aps1-az3",
            "cidr_block": "192.168.100.0/24",
            "id": "subnet-0d6ae32fb77c5b9b9",
            "ipv6_cidr_block": "",
            "ipv6_cidr_block_association_id": "",
            "map_public_ip_on_launch": false,
            "outpost_arn": "",
            "owner_id": "130436746957",
            "tags": {
              "Name": "udit_private_subnet"
            },
            "timeouts": null,
            "vpc_id": "vpc-0ec0e525f44b6a62d"
          },
          "private": "eyJlMmJmYjczMC1lY2FhLTExZTYtOGY4OC0zNDM2M2JjN2M0YzAiOnsiY3JlYXRlIjo2MDAwMDAwMDAwMDAsImRlbGV0ZSI6MTIwMDAwMDAwMDAwMH0sInNjaGVtYV92ZXJzaW9uIjoiMSJ9",
          "dependencies": [
            "aws_vpc.udit_vpc"
          ]
        }
      ]
    },
    {
      "mode": "managed",
      "type": "aws_subnet",
      "name": "udit_public_subnet",
      "provider": "provider.aws",
      "instances": [
        {
          "schema_version": 1,
          "attributes": {
            "arn": "arn:aws:ec2:ap-south-1:130436746957:subnet/subnet-06437419a70985b7b",
            "assign_ipv6_address_on_creation": false,
            "availability_zone": "ap-south-1a",
            "availability_zone_id": "aps1-az1",
            "cidr_block": "192.168.0.0/24",
            "id": "subnet-06437419a70985b7b",
            "ipv6_cidr_block": "",
            "ipv6_cidr_block_association_id": "",
            "map_public_ip_on_launch": true,
            "outpost_arn": "",
            "owner_id": "130436746957",
            "tags": {
              "Name": "udit_public_subnet"
            },
            "timeouts": null,
            "vpc_id": "vpc-0ec0e525f44b6a62d"
          },
          "private": "eyJlMmJmYjczMC1lY2FhLTExZTYtOGY4OC0zNDM2M2JjN2M0YzAiOnsiY3JlYXRlIjo2MDAwMDAwMDAwMDAsImRlbGV0ZSI6MTIwMDAwMDAwMDAwMH0sInNjaGVtYV92ZXJzaW9uIjoiMSJ9",
          "dependencies": [
            "aws_vpc.udit_vpc"
          ]
        }
      ]
    },
    {
      "mode": "managed",
      "type": "aws_vpc",
      "name": "udit_vpc",
      "provider": "provider.aws",
      "instances": [
        {
          "schema_version": 1,
          "attributes": {
            "arn": "arn:aws:ec2:ap-south-1:130436746957:vpc/vpc-0ec0e525f44b6a62d",
            "assign_generated_ipv6_cidr_block": false,
            "cidr_block": "192.168.0.0/16",
            "default_network_acl_id": "acl-0f94895fd592d225e",
            "default_route_table_id": "rtb-0a63a85085dc185a2",
            "default_security_group_id": "sg-03ca41f8f30f30ccd",
            "dhcp_options_id": "dopt-17b3757c",
            "enable_classiclink": null,
            "enable_classiclink_dns_support": null,
            "enable_dns_hostnames": false,
            "enable_dns_support": true,
            "id": "vpc-0ec0e525f44b6a62d",
            "instance_tenancy": "default",
            "ipv6_association_id": "",
            "ipv6_cidr_block": "",
            "main_route_table_id": "rtb-0a63a85085dc185a2",
            "owner_id": "130436746957",
            "tags": {
              "Name": "udit_vpc"
            }
          },
          "private": "eyJzY2hlbWFfdmVyc2lvbiI6IjEifQ=="
        }
      ]
    },
    {
      "mode": "managed",
      "type": "tls_private_key",
      "name": "udit_key_pair",
      "provider": "provider.tls",
      "instances": [
        {
          "schema_version": 0,
          "attributes": {
            "algorithm": "RSA",
            "ecdsa_curve": "P224",
            "id": "3e83cbc752e31c016b4957842cda6139d1c2314d",
            "private_key_pem": "-----BEGIN RSA PRIVATE KEY-----\nMIIEowIBAAKCAQEAnJe8wT5Zvr4Jw8VNGbYC5ofi1BSuL8NCphs4HHVKkJmYADwd\nEeMgIwiyODKWwypTuuOC3fjUQRZm/VyQa8KLAfbA499RE10AavI+BZ7EN0R06tMb\nyOSy4SY6OSC4EAaW61jURPhTAIOVyYVjMVCYnEGn4g9hOEEiClC1Go3kT3e7jSKG\njKta5YxsyaiO5vYlNPn5rdUZwU9d4W2goZshckxHBj1igndp7JERlac6CrjQohAb\nK4MI9mpewFaXn3fIm1CSTzf53tGIulu+PQNBwO2P9nC6NVHMLpDmK32PZBKEig0t\nqSigk7ioa1M0J3N8oMioA00xgo8GGjV3lGS4hwIDAQABAoIBAD2GLIYsTixwE/wU\nB9/jMC6NEyTKX0mqyQPkS956gupfPmZROAawGw9IumT0E2Hovm7+Noup2RMdjyda\nd++uxtjlrxGYywz1jFV4ib/BikxAnEMq4I7EtDdbwqJxZX/+Zste4j+a5VmdWXuM\n6dUVWnCCJ0jdTBBDHvG4lf8x4pMJ1ZPBp9mgcb/G09X53OcJxSRoL9GmJgVdC2d4\n6Y1EwX2XXH9trcsDVH5V7fV4nokFh2ohbmIDvAmaanhNT6WvXFDeZDp8yQS9yNpy\nq4vaGRMID0XGsEWyyIr2X37Sm8wdr8k78PuQHJg+bK6VRrIH6N3bcDJGTm4qfDdE\nD7aRyakCgYEAyXnXm/bsFO/ywtsBLoaTR740cMA1lENvsjDLa9vAxV6SX9vqnG+u\njDthyrW2V90yKB8WsEr+852DNo0WSNHcCiLAVvI4EaR5vvhhDXqVQWm6S1PU0aqE\nVh3PEFWs0oEXFXsailcOQe+Ty2sbflPcj4Ikpe9z/b/wBINWuXC6oTUCgYEAxvho\nI+N7Vb7LIThMVmpchS0RO2atyqyFhIhf8QuVg0aDF1O9keZueh1zRzLpiUTW9N7e\n91/z+0kcP077Y7OZhFjSMm0vb3m3TmS3gvNtlaFjG0wkhdKp7PS9tvaDlzVtbmm2\nVjbmgADiT7aOiDqVg/bMq8C6KnCUWC2Hyf53RksCgYEAvQ5ZNOACbi8u1IvfUwIz\nB9pCqR6j6ElTcZj5+W8PN+VjYxIg18SwvKQoQqg6v74vh5iMmMb28DD45GKF67UJ\nTnWHmM7XsC5vk7TMlXJWxjfo+TBj/o6MeaalG8XZUvqRZ7XJlNDV7ydZv0L1XJhi\n2kMcEp1ccVr/Zay832wZpJUCgYBDJa/XdLy5ujLJGjvA6hIhK41mM4exHznL+U4P\nhe5GKDSzWaJfK5nbAjdWLttbZOz6JICwkSRAiHLM9rWl9wV3AZamR+y7PSNchGbd\n/ZLc7WMJ4k9tDiQkgI/JwDW2gORWX7yWKd7uEd5OMni1hrfQmiiGSftJuUaG3460\n33iXMwKBgCaHAMYZElnVIjxgMHOeYfT5C8+rrZyWuY7vTtQ4CiKNRzlBmBy9lhR1\nCsb3HjMZBBMHR0hCDlZz/g5qw4LKajXEjBXDs4p4T1nLDVVvw9SyByro1LyEU1O1\nHi+3iVeXqGiITMebf038sBH/7CxiAtRT5aEmfd8w2v17TZBnjWIm\n-----END RSA PRIVATE KEY-----\n",
            "public_key_fingerprint_md5": "4b:33:6a:9a:1a:f3:92:0e:ac:e5:e4:29:15:08:53:f5",
            "public_key_openssh": "ssh-rsa AAAAB3NzaC1yc2EAAAADAQABAAABAQCcl7zBPlm+vgnDxU0ZtgLmh+LUFK4vw0KmGzgcdUqQmZgAPB0R4yAjCLI4MpbDKlO644Ld+NRBFmb9XJBrwosB9sDj31ETXQBq8j4FnsQ3RHTq0xvI5LLhJjo5ILgQBpbrWNRE+FMAg5XJhWMxUJicQafiD2E4QSIKULUajeRPd7uNIoaMq1rljGzJqI7m9iU0+fmt1RnBT13hbaChmyFyTEcGPWKCd2nskRGVpzoKuNCiEBsrgwj2al7AVpefd8ibUJJPN/ne0Yi6W749A0HA7Y/2cLo1UcwukOYrfY9kEoSKDS2pKKCTuKhrUzQnc3ygyKgDTTGCjwYaNXeUZLiH\n",
            "public_key_pem": "-----BEGIN PUBLIC KEY-----\nMIIBIjANBgkqhkiG9w0BAQEFAAOCAQ8AMIIBCgKCAQEAnJe8wT5Zvr4Jw8VNGbYC\n5ofi1BSuL8NCphs4HHVKkJmYADwdEeMgIwiyODKWwypTuuOC3fjUQRZm/VyQa8KL\nAfbA499RE10AavI+BZ7EN0R06tMbyOSy4SY6OSC4EAaW61jURPhTAIOVyYVjMVCY\nnEGn4g9hOEEiClC1Go3kT3e7jSKGjKta5YxsyaiO5vYlNPn5rdUZwU9d4W2goZsh\nckxHBj1igndp7JERlac6CrjQohAbK4MI9mpewFaXn3fIm1CSTzf53tGIulu+PQNB\nwO2P9nC6NVHMLpDmK32PZBKEig0tqSigk7ioa1M0J3N8oMioA00xgo8GGjV3lGS4\nhwIDAQAB\n-----END PUBLIC KEY-----\n",
            "rsa_bits": 2048
          },
          "private": "bnVsbA=="
        }
      ]
    }
  ]
}
